
Microsoft Visual Studio Solution File, Format Version 12.00
# Visual Studio Version 17
VisualStudioVersion = 17.9.34728.123
MinimumVisualStudioVersion = 10.0.40219.1
Project("{2150E333-8FDC-42A3-9474-1A3956D46DE8}") = "src", "src", "{1335F481-EB06-47F4-BB6E-A989E622C1FD}"
EndProject
Project("{2150E333-8FDC-42A3-9474-1A3956D46DE8}") = "Core", "Core", "{CBFFBDDA-345D-4D29-80C4-EE67DC87AB55}"
EndProject
Project("{2150E333-8FDC-42A3-9474-1A3956D46DE8}") = "Infrastructure", "Infrastructure", "{B0B96D8F-B01A-4DC3-BA95-D6F627610AC5}"
EndProject
Project("{2150E333-8FDC-42A3-9474-1A3956D46DE8}") = "Presentation", "Presentation", "{B13D576E-CE60-46A0-9FA0-CA214FA72F0F}"
EndProject
Project("{2150E333-8FDC-42A3-9474-1A3956D46DE8}") = "test", "test", "{533D4F8B-EB61-4AD9-8D7B-7828DB7FC837}"
EndProject
Project("{FAE04EC0-301F-11D3-BF4B-00C04F79EFBC}") = "AboutMeApp.Application", "src\Core\AboutMeApp.Application\AboutMeApp.Application.csproj", "{CB715AD8-D487-4638-A18B-8E7DCDC9C09D}"
	ProjectSection(ProjectDependencies) = postProject
		{5BEEBDA2-E5F6-4E8E-9CC6-AE01743D6E6F} = {5BEEBDA2-E5F6-4E8E-9CC6-AE01743D6E6F}
		{FAAA4502-C431-4D5B-9D0C-8AFF83096C0E} = {FAAA4502-C431-4D5B-9D0C-8AFF83096C0E}
	EndProjectSection
EndProject
Project("{FAE04EC0-301F-11D3-BF4B-00C04F79EFBC}") = "AboutMeApp.Common", "src\Core\AboutMeApp.Common\AboutMeApp.Common.csproj", "{5BEEBDA2-E5F6-4E8E-9CC6-AE01743D6E6F}"
EndProject
Project("{FAE04EC0-301F-11D3-BF4B-00C04F79EFBC}") = "AboutMeApp.Domain", "src\Core\AboutMeApp.Domain\AboutMeApp.Domain.csproj", "{FAAA4502-C431-4D5B-9D0C-8AFF83096C0E}"
EndProject
Project("{FAE04EC0-301F-11D3-BF4B-00C04F79EFBC}") = "AboutMeApp.Infrastructure", "src\Infrastructure\AboutMeApp.Infrastructure\AboutMeApp.Infrastructure.csproj", "{D141E7AB-9E24-44A4-88D6-2241982C4D72}"
	ProjectSection(ProjectDependencies) = postProject
		{CB715AD8-D487-4638-A18B-8E7DCDC9C09D} = {CB715AD8-D487-4638-A18B-8E7DCDC9C09D}
	EndProjectSection
EndProject
Project("{FAE04EC0-301F-11D3-BF4B-00C04F79EFBC}") = "AboutMeApp.Persistence", "src\Infrastructure\AboutMeApp.Persistence\AboutMeApp.Persistence.csproj", "{ABA2934C-4919-45D7-90F8-F004460E0C96}"
	ProjectSection(ProjectDependencies) = postProject
		{CB715AD8-D487-4638-A18B-8E7DCDC9C09D} = {CB715AD8-D487-4638-A18B-8E7DCDC9C09D}
	EndProjectSection
EndProject
Project("{FAE04EC0-301F-11D3-BF4B-00C04F79EFBC}") = "AboutMeApp.WebAPI", "src\Presentation\AboutMeApp.WebAPI\AboutMeApp.WebAPI.csproj", "{C8B632A9-4FD2-4567-8309-305BEF2D1F0A}"
	ProjectSection(ProjectDependencies) = postProject
		{ABA2934C-4919-45D7-90F8-F004460E0C96} = {ABA2934C-4919-45D7-90F8-F004460E0C96}
		{CB715AD8-D487-4638-A18B-8E7DCDC9C09D} = {CB715AD8-D487-4638-A18B-8E7DCDC9C09D}
		{D141E7AB-9E24-44A4-88D6-2241982C4D72} = {D141E7AB-9E24-44A4-88D6-2241982C4D72}
	EndProjectSection
EndProject
Global
	GlobalSection(SolutionConfigurationPlatforms) = preSolution
		Debug|Any CPU = Debug|Any CPU
		Release|Any CPU = Release|Any CPU
	EndGlobalSection
	GlobalSection(ProjectConfigurationPlatforms) = postSolution
		{CB715AD8-D487-4638-A18B-8E7DCDC9C09D}.Debug|Any CPU.ActiveCfg = Debug|Any CPU
		{CB715AD8-D487-4638-A18B-8E7DCDC9C09D}.Debug|Any CPU.Build.0 = Debug|Any CPU
		{CB715AD8-D487-4638-A18B-8E7DCDC9C09D}.Release|Any CPU.ActiveCfg = Release|Any CPU
		{CB715AD8-D487-4638-A18B-8E7DCDC9C09D}.Release|Any CPU.Build.0 = Release|Any CPU
		{5BEEBDA2-E5F6-4E8E-9CC6-AE01743D6E6F}.Debug|Any CPU.ActiveCfg = Debug|Any CPU
		{5BEEBDA2-E5F6-4E8E-9CC6-AE01743D6E6F}.Debug|Any CPU.Build.0 = Debug|Any CPU
		{5BEEBDA2-E5F6-4E8E-9CC6-AE01743D6E6F}.Release|Any CPU.ActiveCfg = Release|Any CPU
		{5BEEBDA2-E5F6-4E8E-9CC6-AE01743D6E6F}.Release|Any CPU.Build.0 = Release|Any CPU
		{FAAA4502-C431-4D5B-9D0C-8AFF83096C0E}.Debug|Any CPU.ActiveCfg = Debug|Any CPU
		{FAAA4502-C431-4D5B-9D0C-8AFF83096C0E}.Debug|Any CPU.Build.0 = Debug|Any CPU
		{FAAA4502-C431-4D5B-9D0C-8AFF83096C0E}.Release|Any CPU.ActiveCfg = Release|Any CPU
		{FAAA4502-C431-4D5B-9D0C-8AFF83096C0E}.Release|Any CPU.Build.0 = Release|Any CPU
		{D141E7AB-9E24-44A4-88D6-2241982C4D72}.Debug|Any CPU.ActiveCfg = Debug|Any CPU
		{D141E7AB-9E24-44A4-88D6-2241982C4D72}.Debug|Any CPU.Build.0 = Debug|Any CPU
		{D141E7AB-9E24-44A4-88D6-2241982C4D72}.Release|Any CPU.ActiveCfg = Release|Any CPU
		{D141E7AB-9E24-44A4-88D6-2241982C4D72}.Release|Any CPU.Build.0 = Release|Any CPU
		{ABA2934C-4919-45D7-90F8-F004460E0C96}.Debug|Any CPU.ActiveCfg = Debug|Any CPU
		{ABA2934C-4919-45D7-90F8-F004460E0C96}.Debug|Any CPU.Build.0 = Debug|Any CPU
		{ABA2934C-4919-45D7-90F8-F004460E0C96}.Release|Any CPU.ActiveCfg = Release|Any CPU
		{ABA2934C-4919-45D7-90F8-F004460E0C96}.Release|Any CPU.Build.0 = Release|Any CPU
		{C8B632A9-4FD2-4567-8309-305BEF2D1F0A}.Debug|Any CPU.ActiveCfg = Debug|Any CPU
		{C8B632A9-4FD2-4567-8309-305BEF2D1F0A}.Debug|Any CPU.Build.0 = Debug|Any CPU
		{C8B632A9-4FD2-4567-8309-305BEF2D1F0A}.Release|Any CPU.ActiveCfg = Release|Any CPU
		{C8B632A9-4FD2-4567-8309-305BEF2D1F0A}.Release|Any CPU.Build.0 = Release|Any CPU
	EndGlobalSection
	GlobalSection(SolutionProperties) = preSolution
		HideSolutionNode = FALSE
	EndGlobalSection
	GlobalSection(NestedProjects) = preSolution
		{CBFFBDDA-345D-4D29-80C4-EE67DC87AB55} = {1335F481-EB06-47F4-BB6E-A989E622C1FD}
		{B0B96D8F-B01A-4DC3-BA95-D6F627610AC5} = {1335F481-EB06-47F4-BB6E-A989E622C1FD}
		{B13D576E-CE60-46A0-9FA0-CA214FA72F0F} = {1335F481-EB06-47F4-BB6E-A989E622C1FD}
		{CB715AD8-D487-4638-A18B-8E7DCDC9C09D} = {CBFFBDDA-345D-4D29-80C4-EE67DC87AB55}
		{5BEEBDA2-E5F6-4E8E-9CC6-AE01743D6E6F} = {CBFFBDDA-345D-4D29-80C4-EE67DC87AB55}
		{FAAA4502-C431-4D5B-9D0C-8AFF83096C0E} = {CBFFBDDA-345D-4D29-80C4-EE67DC87AB55}
		{D141E7AB-9E24-44A4-88D6-2241982C4D72} = {B0B96D8F-B01A-4DC3-BA95-D6F627610AC5}
		{ABA2934C-4919-45D7-90F8-F004460E0C96} = {B0B96D8F-B01A-4DC3-BA95-D6F627610AC5}
		{C8B632A9-4FD2-4567-8309-305BEF2D1F0A} = {B13D576E-CE60-46A0-9FA0-CA214FA72F0F}
	EndGlobalSection
	GlobalSection(ExtensibilityGlobals) = postSolution
		SolutionGuid = {2AF544A8-851B-4D01-A979-322644CEA519}
	EndGlobalSection
EndGlobal
